
Microsoft Visual Studio Solution File, Format Version 12.00
# Visual Studio Version 17
VisualStudioVersion = 17.3.32929.385
MinimumVisualStudioVersion = 10.0.40219.1
Project("{9A19103F-16F7-4668-BE54-9A1E7A4F7556}") = "CalculatorService.Server", "CalculatorService.Server\CalculatorService.Server.csproj", "{1DF0C8C7-3D63-497E-AF0C-0CE40C1F96F1}"
EndProject
Project("{9A19103F-16F7-4668-BE54-9A1E7A4F7556}") = "CalculatorService.Test", "CalculatorService.Test\CalculatorService.Test.csproj", "{CC75E3CC-6102-45CD-B6C2-4DA6377C9A42}"
EndProject
Project("{FAE04EC0-301F-11D3-BF4B-00C04F79EFBC}") = "CalculatorService.Client", "CalculatorService.Client\CalculatorService.Client.csproj", "{4673FC5A-3FD2-4F57-9E8C-2DC245C8F9A8}"
EndProject
Global
	GlobalSection(SolutionConfigurationPlatforms) = preSolution
		Debug|Any CPU = Debug|Any CPU
		Release|Any CPU = Release|Any CPU
	EndGlobalSection
	GlobalSection(ProjectConfigurationPlatforms) = postSolution
		{1DF0C8C7-3D63-497E-AF0C-0CE40C1F96F1}.Debug|Any CPU.ActiveCfg = Debug|Any CPU
		{1DF0C8C7-3D63-497E-AF0C-0CE40C1F96F1}.Debug|Any CPU.Build.0 = Debug|Any CPU
		{1DF0C8C7-3D63-497E-AF0C-0CE40C1F96F1}.Release|Any CPU.ActiveCfg = Release|Any CPU
		{1DF0C8C7-3D63-497E-AF0C-0CE40C1F96F1}.Release|Any CPU.Build.0 = Release|Any CPU
		{CC75E3CC-6102-45CD-B6C2-4DA6377C9A42}.Debug|Any CPU.ActiveCfg = Debug|Any CPU
		{CC75E3CC-6102-45CD-B6C2-4DA6377C9A42}.Debug|Any CPU.Build.0 = Debug|Any CPU
		{CC75E3CC-6102-45CD-B6C2-4DA6377C9A42}.Release|Any CPU.ActiveCfg = Release|Any CPU
		{CC75E3CC-6102-45CD-B6C2-4DA6377C9A42}.Release|Any CPU.Build.0 = Release|Any CPU
		{4673FC5A-3FD2-4F57-9E8C-2DC245C8F9A8}.Debug|Any CPU.ActiveCfg = Debug|Any CPU
		{4673FC5A-3FD2-4F57-9E8C-2DC245C8F9A8}.Debug|Any CPU.Build.0 = Debug|Any CPU
		{4673FC5A-3FD2-4F57-9E8C-2DC245C8F9A8}.Release|Any CPU.ActiveCfg = Release|Any CPU
		{4673FC5A-3FD2-4F57-9E8C-2DC245C8F9A8}.Release|Any CPU.Build.0 = Release|Any CPU
	EndGlobalSection
	GlobalSection(SolutionProperties) = preSolution
		HideSolutionNode = FALSE
	EndGlobalSection
	GlobalSection(ExtensibilityGlobals) = postSolution
		SolutionGuid = {5F565054-FDDE-4877-9712-D8F30B9D754A}
	EndGlobalSection
EndGlobal
